
Microsoft Visual Studio Solution File, Format Version 12.00
# Visual Studio Version 17
VisualStudioVersion = 17.4.33213.308
MinimumVisualStudioVersion = 10.0.40219.1
Project("{FAE04EC0-301F-11D3-BF4B-00C04F79EFBC}") = "SimpCalc.Tests", "..\SimpleCalculator.UnitTests\SimpCalc.Tests.csproj", "{9B371444-FD19-4613-BB84-05BCC7F2FF92}"
	ProjectSection(ProjectDependencies) = postProject
		{78A71AEE-364B-4B39-94C1-8DD04D76D662} = {78A71AEE-364B-4B39-94C1-8DD04D76D662}
	EndProjectSection
EndProject
Project("{FAE04EC0-301F-11D3-BF4B-00C04F79EFBC}") = "SimpCalc", "..\SimpCalc\SimpCalc.csproj", "{78A71AEE-364B-4B39-94C1-8DD04D76D662}"
EndProject
Global
	GlobalSection(SolutionConfigurationPlatforms) = preSolution
		Debug|Any CPU = Debug|Any CPU
		Release|Any CPU = Release|Any CPU
	EndGlobalSection
	GlobalSection(ProjectConfigurationPlatforms) = postSolution
		{9B371444-FD19-4613-BB84-05BCC7F2FF92}.Debug|Any CPU.ActiveCfg = Debug|Any CPU
		{9B371444-FD19-4613-BB84-05BCC7F2FF92}.Debug|Any CPU.Build.0 = Debug|Any CPU
		{9B371444-FD19-4613-BB84-05BCC7F2FF92}.Release|Any CPU.ActiveCfg = Release|Any CPU
		{9B371444-FD19-4613-BB84-05BCC7F2FF92}.Release|Any CPU.Build.0 = Release|Any CPU
		{78A71AEE-364B-4B39-94C1-8DD04D76D662}.Debug|Any CPU.ActiveCfg = Debug|Any CPU
		{78A71AEE-364B-4B39-94C1-8DD04D76D662}.Debug|Any CPU.Build.0 = Debug|Any CPU
		{78A71AEE-364B-4B39-94C1-8DD04D76D662}.Release|Any CPU.ActiveCfg = Release|Any CPU
		{78A71AEE-364B-4B39-94C1-8DD04D76D662}.Release|Any CPU.Build.0 = Release|Any CPU
	EndGlobalSection
	GlobalSection(SolutionProperties) = preSolution
		HideSolutionNode = FALSE
	EndGlobalSection
	GlobalSection(ExtensibilityGlobals) = postSolution
		SolutionGuid = {CCB138D2-AAB8-4E1C-B4EC-704F8EADA471}
	EndGlobalSection
EndGlobal
